
Microsoft Visual Studio Solution File, Format Version 12.00
# Visual Studio Version 17
VisualStudioVersion = 17.3.32825.248
MinimumVisualStudioVersion = 10.0.40219.1
Project("{FAE04EC0-301F-11D3-BF4B-00C04F79EFBC}") = "Rdz.cTrader.Library", "Rdz.cTrader.Library\Rdz.cTrader.Library.csproj", "{0E6A6C64-4C7D-4D3A-98EE-1B1449E2CE89}"
EndProject
Global
	GlobalSection(SolutionConfigurationPlatforms) = preSolution
		Debug|Any CPU = Debug|Any CPU
		Release|Any CPU = Release|Any CPU
	EndGlobalSection
	GlobalSection(ProjectConfigurationPlatforms) = postSolution
		{0E6A6C64-4C7D-4D3A-98EE-1B1449E2CE89}.Debug|Any CPU.ActiveCfg = Debug|Any CPU
		{0E6A6C64-4C7D-4D3A-98EE-1B1449E2CE89}.Debug|Any CPU.Build.0 = Debug|Any CPU
		{0E6A6C64-4C7D-4D3A-98EE-1B1449E2CE89}.Release|Any CPU.ActiveCfg = Release|Any CPU
		{0E6A6C64-4C7D-4D3A-98EE-1B1449E2CE89}.Release|Any CPU.Build.0 = Release|Any CPU
	EndGlobalSection
	GlobalSection(SolutionProperties) = preSolution
		HideSolutionNode = FALSE
	EndGlobalSection
	GlobalSection(ExtensibilityGlobals) = postSolution
		SolutionGuid = {2AEF46CE-BB89-402B-8275-34DA331E283A}
	EndGlobalSection
EndGlobal
