
Microsoft Visual Studio Solution File, Format Version 12.00
# Visual Studio Version 16
VisualStudioVersion = 16.0.29519.87
MinimumVisualStudioVersion = 10.0.40219.1
Project("{FAE04EC0-301F-11D3-BF4B-00C04F79EFBC}") = "Rdz.cBot.GridTrap", "Rdz.cBot.GridTrap\Rdz.cBot.GridTrap.csproj", "{1782A1B3-D14E-48C8-A947-9381D9C59448}"
EndProject
Project("{FAE04EC0-301F-11D3-BF4B-00C04F79EFBC}") = "Rdz.cBot.Library", "..\Rdz.cBot.Library\Rdz.cBot.Library.csproj", "{5642E84D-0D26-4428-B4A1-E286C3A3672B}"
EndProject
Project("{FAE04EC0-301F-11D3-BF4B-00C04F79EFBC}") = "Rdz.Indi.BollingerBandDistance", "..\Rdz.Indi.BollingerBandDistance\Rdz.Indi.BollingerBandDistance\Rdz.Indi.BollingerBandDistance.csproj", "{693D2EAA-8230-4E2F-9A7D-679E66993181}"
EndProject
Global
	GlobalSection(SolutionConfigurationPlatforms) = preSolution
		Debug|Any CPU = Debug|Any CPU
		Release|Any CPU = Release|Any CPU
	EndGlobalSection
	GlobalSection(ProjectConfigurationPlatforms) = postSolution
		{1782A1B3-D14E-48C8-A947-9381D9C59448}.Debug|Any CPU.ActiveCfg = Debug|Any CPU
		{1782A1B3-D14E-48C8-A947-9381D9C59448}.Debug|Any CPU.Build.0 = Debug|Any CPU
		{1782A1B3-D14E-48C8-A947-9381D9C59448}.Release|Any CPU.ActiveCfg = Release|Any CPU
		{1782A1B3-D14E-48C8-A947-9381D9C59448}.Release|Any CPU.Build.0 = Release|Any CPU
		{5642E84D-0D26-4428-B4A1-E286C3A3672B}.Debug|Any CPU.ActiveCfg = Debug|Any CPU
		{5642E84D-0D26-4428-B4A1-E286C3A3672B}.Debug|Any CPU.Build.0 = Debug|Any CPU
		{5642E84D-0D26-4428-B4A1-E286C3A3672B}.Release|Any CPU.ActiveCfg = Release|Any CPU
		{5642E84D-0D26-4428-B4A1-E286C3A3672B}.Release|Any CPU.Build.0 = Release|Any CPU
		{693D2EAA-8230-4E2F-9A7D-679E66993181}.Debug|Any CPU.ActiveCfg = Debug|Any CPU
		{693D2EAA-8230-4E2F-9A7D-679E66993181}.Debug|Any CPU.Build.0 = Debug|Any CPU
		{693D2EAA-8230-4E2F-9A7D-679E66993181}.Release|Any CPU.ActiveCfg = Release|Any CPU
		{693D2EAA-8230-4E2F-9A7D-679E66993181}.Release|Any CPU.Build.0 = Release|Any CPU
	EndGlobalSection
	GlobalSection(SolutionProperties) = preSolution
		HideSolutionNode = FALSE
	EndGlobalSection
	GlobalSection(ExtensibilityGlobals) = postSolution
		SolutionGuid = {DBA9DD6B-1295-44B6-9F3F-A90D19A904C7}
	EndGlobalSection
EndGlobal
