
Microsoft Visual Studio Solution File, Format Version 12.00
# Visual Studio Version 16
VisualStudioVersion = 16.0.29519.87
MinimumVisualStudioVersion = 10.0.40219.1
Project("{FAE04EC0-301F-11D3-BF4B-00C04F79EFBC}") = "Rdz.cBot.BackToSquareOne", "Rdz.cBot.BackToSquareOne\Rdz.cBot.BackToSquareOne.csproj", "{403F1949-4B9D-483A-B343-3DDF795BF392}"
EndProject
Project("{FAE04EC0-301F-11D3-BF4B-00C04F79EFBC}") = "Rdz.cBot.Library", "..\Rdz.cBot.Library\Rdz.cBot.Library.csproj", "{5642E84D-0D26-4428-B4A1-E286C3A3672B}"
EndProject
Global
	GlobalSection(SolutionConfigurationPlatforms) = preSolution
		Debug|Any CPU = Debug|Any CPU
		Release|Any CPU = Release|Any CPU
	EndGlobalSection
	GlobalSection(ProjectConfigurationPlatforms) = postSolution
		{403F1949-4B9D-483A-B343-3DDF795BF392}.Debug|Any CPU.ActiveCfg = Debug|Any CPU
		{403F1949-4B9D-483A-B343-3DDF795BF392}.Debug|Any CPU.Build.0 = Debug|Any CPU
		{403F1949-4B9D-483A-B343-3DDF795BF392}.Release|Any CPU.ActiveCfg = Release|Any CPU
		{403F1949-4B9D-483A-B343-3DDF795BF392}.Release|Any CPU.Build.0 = Release|Any CPU
		{5642E84D-0D26-4428-B4A1-E286C3A3672B}.Debug|Any CPU.ActiveCfg = Debug|Any CPU
		{5642E84D-0D26-4428-B4A1-E286C3A3672B}.Debug|Any CPU.Build.0 = Debug|Any CPU
		{5642E84D-0D26-4428-B4A1-E286C3A3672B}.Release|Any CPU.ActiveCfg = Release|Any CPU
		{5642E84D-0D26-4428-B4A1-E286C3A3672B}.Release|Any CPU.Build.0 = Release|Any CPU
	EndGlobalSection
	GlobalSection(SolutionProperties) = preSolution
		HideSolutionNode = FALSE
	EndGlobalSection
	GlobalSection(ExtensibilityGlobals) = postSolution
		SolutionGuid = {0CFC7453-2FE9-4779-90FD-48D646931368}
	EndGlobalSection
EndGlobal
