
Microsoft Visual Studio Solution File, Format Version 12.00
# Visual Studio Version 16
VisualStudioVersion = 16.0.30104.148
MinimumVisualStudioVersion = 10.0.40219.1
Project("{FAE04EC0-301F-11D3-BF4B-00C04F79EFBC}") = "Rdz.cBot.OneMartingale", "Rdz.cBot.OneMartingale\Rdz.cBot.OneMartingale.csproj", "{CB0F2EB2-0140-410C-BE99-054552311B56}"
EndProject
Project("{FAE04EC0-301F-11D3-BF4B-00C04F79EFBC}") = "Rdz.cBot.Library", "..\Rdz.cBot.Library\Rdz.cBot.Library.csproj", "{5642E84D-0D26-4428-B4A1-E286C3A3672B}"
EndProject
Global
	GlobalSection(SolutionConfigurationPlatforms) = preSolution
		Debug|Any CPU = Debug|Any CPU
		Release|Any CPU = Release|Any CPU
	EndGlobalSection
	GlobalSection(ProjectConfigurationPlatforms) = postSolution
		{CB0F2EB2-0140-410C-BE99-054552311B56}.Debug|Any CPU.ActiveCfg = Debug|Any CPU
		{CB0F2EB2-0140-410C-BE99-054552311B56}.Debug|Any CPU.Build.0 = Debug|Any CPU
		{CB0F2EB2-0140-410C-BE99-054552311B56}.Release|Any CPU.ActiveCfg = Release|Any CPU
		{CB0F2EB2-0140-410C-BE99-054552311B56}.Release|Any CPU.Build.0 = Release|Any CPU
		{5642E84D-0D26-4428-B4A1-E286C3A3672B}.Debug|Any CPU.ActiveCfg = Debug|Any CPU
		{5642E84D-0D26-4428-B4A1-E286C3A3672B}.Debug|Any CPU.Build.0 = Debug|Any CPU
		{5642E84D-0D26-4428-B4A1-E286C3A3672B}.Release|Any CPU.ActiveCfg = Release|Any CPU
		{5642E84D-0D26-4428-B4A1-E286C3A3672B}.Release|Any CPU.Build.0 = Release|Any CPU
	EndGlobalSection
	GlobalSection(SolutionProperties) = preSolution
		HideSolutionNode = FALSE
	EndGlobalSection
	GlobalSection(ExtensibilityGlobals) = postSolution
		SolutionGuid = {E98F6261-8A31-4010-850A-0CC825484754}
	EndGlobalSection
EndGlobal
