
Microsoft Visual Studio Solution File, Format Version 12.00
# Visual Studio Version 16
VisualStudioVersion = 16.0.29519.87
MinimumVisualStudioVersion = 10.0.40219.1
Project("{FAE04EC0-301F-11D3-BF4B-00C04F79EFBC}") = "Rdz.cBot.Library", "..\Rdz.cBot.Library\Rdz.cBot.Library.csproj", "{5642E84D-0D26-4428-B4A1-E286C3A3672B}"
EndProject
Project("{FAE04EC0-301F-11D3-BF4B-00C04F79EFBC}") = "Rdz.cBot.Scp", "Rdz.cBot.Scp\Rdz.cBot.Scp.csproj", "{6A41E137-E49A-4019-ABBA-3E53072CCD30}"
EndProject
Global
	GlobalSection(SolutionConfigurationPlatforms) = preSolution
		Debug|Any CPU = Debug|Any CPU
		Release|Any CPU = Release|Any CPU
	EndGlobalSection
	GlobalSection(ProjectConfigurationPlatforms) = postSolution
		{5642E84D-0D26-4428-B4A1-E286C3A3672B}.Debug|Any CPU.ActiveCfg = Debug|Any CPU
		{5642E84D-0D26-4428-B4A1-E286C3A3672B}.Debug|Any CPU.Build.0 = Debug|Any CPU
		{5642E84D-0D26-4428-B4A1-E286C3A3672B}.Release|Any CPU.ActiveCfg = Release|Any CPU
		{5642E84D-0D26-4428-B4A1-E286C3A3672B}.Release|Any CPU.Build.0 = Release|Any CPU
		{6A41E137-E49A-4019-ABBA-3E53072CCD30}.Debug|Any CPU.ActiveCfg = Debug|Any CPU
		{6A41E137-E49A-4019-ABBA-3E53072CCD30}.Debug|Any CPU.Build.0 = Debug|Any CPU
		{6A41E137-E49A-4019-ABBA-3E53072CCD30}.Release|Any CPU.ActiveCfg = Release|Any CPU
		{6A41E137-E49A-4019-ABBA-3E53072CCD30}.Release|Any CPU.Build.0 = Release|Any CPU
	EndGlobalSection
	GlobalSection(SolutionProperties) = preSolution
		HideSolutionNode = FALSE
	EndGlobalSection
	GlobalSection(ExtensibilityGlobals) = postSolution
		SolutionGuid = {28485D40-5B73-4516-A7D9-909A3E48432B}
	EndGlobalSection
EndGlobal
