
Microsoft Visual Studio Solution File, Format Version 12.00
# Visual Studio Version 16
VisualStudioVersion = 16.0.30104.148
MinimumVisualStudioVersion = 10.0.40219.1
Project("{FAE04EC0-301F-11D3-BF4B-00C04F79EFBC}") = "Rdz.Indi.BollingerBandDistance", "Rdz.Indi.BollingerBandDistance\Rdz.Indi.BollingerBandDistance.csproj", "{693D2EAA-8230-4E2F-9A7D-679E66993181}"
EndProject
Project("{FAE04EC0-301F-11D3-BF4B-00C04F79EFBC}") = "Rdz.cBot.Library", "..\Rdz.cBot.Library\Rdz.cBot.Library.csproj", "{5642E84D-0D26-4428-B4A1-E286C3A3672B}"
EndProject
Global
	GlobalSection(SolutionConfigurationPlatforms) = preSolution
		Debug|Any CPU = Debug|Any CPU
		Release|Any CPU = Release|Any CPU
	EndGlobalSection
	GlobalSection(ProjectConfigurationPlatforms) = postSolution
		{693D2EAA-8230-4E2F-9A7D-679E66993181}.Debug|Any CPU.ActiveCfg = Debug|Any CPU
		{693D2EAA-8230-4E2F-9A7D-679E66993181}.Debug|Any CPU.Build.0 = Debug|Any CPU
		{693D2EAA-8230-4E2F-9A7D-679E66993181}.Release|Any CPU.ActiveCfg = Release|Any CPU
		{693D2EAA-8230-4E2F-9A7D-679E66993181}.Release|Any CPU.Build.0 = Release|Any CPU
		{5642E84D-0D26-4428-B4A1-E286C3A3672B}.Debug|Any CPU.ActiveCfg = Debug|Any CPU
		{5642E84D-0D26-4428-B4A1-E286C3A3672B}.Debug|Any CPU.Build.0 = Debug|Any CPU
		{5642E84D-0D26-4428-B4A1-E286C3A3672B}.Release|Any CPU.ActiveCfg = Release|Any CPU
		{5642E84D-0D26-4428-B4A1-E286C3A3672B}.Release|Any CPU.Build.0 = Release|Any CPU
	EndGlobalSection
	GlobalSection(SolutionProperties) = preSolution
		HideSolutionNode = FALSE
	EndGlobalSection
	GlobalSection(ExtensibilityGlobals) = postSolution
		SolutionGuid = {CB29CADF-2947-4342-AC55-F03DDDD77782}
	EndGlobalSection
EndGlobal
