
Microsoft Visual Studio Solution File, Format Version 11.00
# Visual Studio 2010
Project("{FAE04EC0-301F-11D3-BF4B-00C04F79EFBC}") = "Rdz.Indi.BollingerBandDistance", "Rdz.Indi.BollingerBandDistance\Rdz.Indi.BollingerBandDistance.csproj", "{693D2EAA-8230-4E2F-9A7D-679E66993181}"
EndProject
Global
	GlobalSection(SolutionConfigurationPlatforms) = preSolution
		Debug|Any CPU = Debug|Any CPU
		Release|Any CPU = Release|Any CPU
	EndGlobalSection
	GlobalSection(ProjectConfigurationPlatforms) = postSolution
		{693D2EAA-8230-4E2F-9A7D-679E66993181}.Debug|Any CPU.ActiveCfg = Debug|Any CPU
		{693D2EAA-8230-4E2F-9A7D-679E66993181}.Debug|Any CPU.Build.0 = Debug|Any CPU
		{693D2EAA-8230-4E2F-9A7D-679E66993181}.Release|Any CPU.ActiveCfg = Release|Any CPU
		{693D2EAA-8230-4E2F-9A7D-679E66993181}.Release|Any CPU.Build.0 = Release|Any CPU
	EndGlobalSection
	GlobalSection(SolutionProperties) = preSolution
		HideSolutionNode = FALSE
	EndGlobalSection
EndGlobal
